{
  "name": "conbo-statehistory",
  "version": "1.0.0",
  "lockfileVersion": 1,
  "requires": true,
  "dependencies": {
    "conbo": {
      "version": "4.1.9",
      "resolved": "https://registry.npmjs.org/conbo/-/conbo-4.1.9.tgz",
      "integrity": "sha512-L20Mf5Z3qgv451LLDyswzGN/SVq3pdKc4goNHTVYYr4+miqYlGCs1xHBALbc2K+jG9Jyjz0j4jmUH5l3h4u/7Q=="
    }
  }
}
